# This file is autogenerated, do not edit; changes may be undone by the next 'dep ensure'.


[[projects]]
  digest = "1:a9ad6317cecc69b3488f470d5aa8782cbeb08465a85177cf6306f2c87dccc5bf"
  name = "github.com/astaxie/beego"
  packages = [
    ".",
    "config",
    "context",
    "context/param",
    "grace",
    "logs",
    "orm",
    "plugins/cors",
    "session",
    "toolbox",
    "utils",
  ]
  pruneopts = "UT"
  revision = "08c3ca642eb437f1dd65a617e107bdd9aafb66b0"

[[projects]]
  digest = "1:8ef506fc2bb9ced9b151dafa592d4046063d744c646c1bbe801982ce87e4bc24"
  name = "github.com/lib/pq"
  packages = [
    ".",
    "oid",
  ]
  pruneopts = "UT"
  revision = "4ded0e9383f75c197b3a2aaa6d590ac52df6fd79"
  version = "v1.0.0"

[[projects]]
  branch = "master"
  digest = "1:1e3806dfb21575088f59ca173b690b5329ffc063a6a83e79ffc3a5d4b82cfb68"
  name = "github.com/udistrital/utils_oas"
  packages = ["apiStatusLib"]
  pruneopts = "UT"
  revision = "808d161cc39523b84f9684e07e38bdea8ae66565"

[solve-meta]
  analyzer-name = "dep"
  analyzer-version = 1
  input-imports = [
    "github.com/astaxie/beego",
    "github.com/astaxie/beego/context/param",
    "github.com/astaxie/beego/logs",
    "github.com/astaxie/beego/orm",
    "github.com/astaxie/beego/plugins/cors",
    "github.com/lib/pq",
    "github.com/udistrital/utils_oas/apiStatusLib",
  ]
  solver-name = "gps-cdcl"
  solver-version = 1
